
Microsoft Visual Studio Solution File, Format Version 12.00
# Visual Studio Version 17
VisualStudioVersion = 17.9.34728.123
MinimumVisualStudioVersion = 10.0.40219.1
Project("{FAE04EC0-301F-11D3-BF4B-00C04F79EFBC}") = "Infinite.Core.Consul", "Infinite.Core.Consul\Infinite.Core.Consul.csproj", "{D711B201-8AFA-4643-9B36-76334E1181D9}"
EndProject
Global
	GlobalSection(SolutionConfigurationPlatforms) = preSolution
		Debug|Any CPU = Debug|Any CPU
		Release|Any CPU = Release|Any CPU
	EndGlobalSection
	GlobalSection(ProjectConfigurationPlatforms) = postSolution
		{D711B201-8AFA-4643-9B36-76334E1181D9}.Debug|Any CPU.ActiveCfg = Debug|Any CPU
		{D711B201-8AFA-4643-9B36-76334E1181D9}.Debug|Any CPU.Build.0 = Debug|Any CPU
		{D711B201-8AFA-4643-9B36-76334E1181D9}.Release|Any CPU.ActiveCfg = Release|Any CPU
		{D711B201-8AFA-4643-9B36-76334E1181D9}.Release|Any CPU.Build.0 = Release|Any CPU
	EndGlobalSection
	GlobalSection(SolutionProperties) = preSolution
		HideSolutionNode = FALSE
	EndGlobalSection
	GlobalSection(ExtensibilityGlobals) = postSolution
		SolutionGuid = {B6947D0B-4A70-45E6-90CA-B04AED54A5D9}
	EndGlobalSection
EndGlobal
